
Microsoft Visual Studio Solution File, Format Version 12.00
# Visual Studio Version 16
VisualStudioVersion = 16.0.31321.278
MinimumVisualStudioVersion = 10.0.40219.1
Project("{FAE04EC0-301F-11D3-BF4B-00C04F79EFBC}") = "challenge", "challenge\challenge.csproj", "{407414B8-64E0-465F-BF5B-CC240413E545}"
EndProject
Global
	GlobalSection(SolutionConfigurationPlatforms) = preSolution
		Debug|Any CPU = Debug|Any CPU
		Release|Any CPU = Release|Any CPU
	EndGlobalSection
	GlobalSection(ProjectConfigurationPlatforms) = postSolution
		{407414B8-64E0-465F-BF5B-CC240413E545}.Debug|Any CPU.ActiveCfg = Debug|Any CPU
		{407414B8-64E0-465F-BF5B-CC240413E545}.Debug|Any CPU.Build.0 = Debug|Any CPU
		{407414B8-64E0-465F-BF5B-CC240413E545}.Release|Any CPU.ActiveCfg = Release|Any CPU
		{407414B8-64E0-465F-BF5B-CC240413E545}.Release|Any CPU.Build.0 = Release|Any CPU
	EndGlobalSection
	GlobalSection(SolutionProperties) = preSolution
		HideSolutionNode = FALSE
	EndGlobalSection
	GlobalSection(ExtensibilityGlobals) = postSolution
		SolutionGuid = {AD748FDD-A30F-4838-AA6F-329DAB7D9CFF}
	EndGlobalSection
EndGlobal
